
Microsoft Visual Studio Solution File, Format Version 12.00
# Visual Studio Version 17
VisualStudioVersion = 17.10.35013.160
MinimumVisualStudioVersion = 10.0.40219.1
Project("{FAE04EC0-301F-11D3-BF4B-00C04F79EFBC}") = "CalclarCircuito", "CalclarCircuito\CalclarCircuito.csproj", "{723902BA-AE7F-4515-B84D-18D2D31232CB}"
EndProject
Global
	GlobalSection(SolutionConfigurationPlatforms) = preSolution
		Debug|Any CPU = Debug|Any CPU
		Release|Any CPU = Release|Any CPU
	EndGlobalSection
	GlobalSection(ProjectConfigurationPlatforms) = postSolution
		{723902BA-AE7F-4515-B84D-18D2D31232CB}.Debug|Any CPU.ActiveCfg = Debug|Any CPU
		{723902BA-AE7F-4515-B84D-18D2D31232CB}.Debug|Any CPU.Build.0 = Debug|Any CPU
		{723902BA-AE7F-4515-B84D-18D2D31232CB}.Release|Any CPU.ActiveCfg = Release|Any CPU
		{723902BA-AE7F-4515-B84D-18D2D31232CB}.Release|Any CPU.Build.0 = Release|Any CPU
	EndGlobalSection
	GlobalSection(SolutionProperties) = preSolution
		HideSolutionNode = FALSE
	EndGlobalSection
	GlobalSection(ExtensibilityGlobals) = postSolution
		SolutionGuid = {2532A38F-34F7-4D92-847F-9CF9C946BF3D}
	EndGlobalSection
EndGlobal
